// !$*UTF8*$!
{
	archiveVersion = 1;
	classes = {
	};
	objectVersion = 110;
	objects = {

/* Begin PBXContainerItemProxy section */
		C9FE4FCA306765F4009C2909 /* PBXContainerItemProxy */ = {
			isa = PBXContainerItemProxy;
			containerPortal = C9FE4FB4306765F1009C2909 /* Project object */;
			proxyType = 1;
			remoteGlobalIDString = C9FE4FBB306765F1009C2909;
			remoteInfo = Moonvies;
		};
		C9FE4FD4306765F4009C2909 /* PBXContainerItemProxy */ = {
			isa = PBXContainerItemProxy;
			containerPortal = C9FE4FB4306765F1009C2909 /* Project object */;
			proxyType = 1;
			remoteGlobalIDString = C9FE4FBB306765F1009C2909;
			remoteInfo = Moonvies;
		};
/* End PBXContainerItemProxy section */

/* Begin PBXFileReference section */
		C9FE4FBC306765F1009C2909 /* Moonvies.app */ = {isa = PBXFileReference; explicitFileType = wrapper.application; includeInIndex = 0; path = Moonvies.app; sourceTree = BUILT_PRODUCTS_DIR; };
		C9FE4FC9306765F4009C2909 /* MoonviesTests.xctest */ = {isa = PBXFileReference; explicitFileType = wrapper.cfbundle; includeInIndex = 0; path = MoonviesTests.xctest; sourceTree = BUILT_PRODUCTS_DIR; };
		C9FE4FD3306765F4009C2909 /* MoonviesUITests.xctest */ = {isa = PBXFileReference; explicitFileType = wrapper.cfbundle; includeInIndex = 0; path = MoonviesUITests.xctest; sourceTree = BUILT_PRODUCTS_DIR; };
/* End PBXFileReference section */

/* Begin PBXFileSystemSynchronizedRootGroup section */
		C9FE4FBE306765F1009C2909 /* Moonvies */ = {
			isa = PBXFileSystemSynchronizedRootGroup;
			path = Moonvies;
			sourceTree = "<group>";
		};
		C9FE4FCC306765F4009C2909 /* MoonviesTests */ = {
			isa = PBXFileSystemSynchronizedRootGroup;
			path = MoonviesTests;
			sourceTree = "<group>";
		};
		C9FE4FD6306765F4009C2909 /* MoonviesUITests */ = {
			isa = PBXFileSystemSynchronizedRootGroup;
			path = MoonviesUITests;
			sourceTree = "<group>";
		};
/* End PBXFileSystemSynchronizedRootGroup section */

/* Begin PBXFrameworksBuildPhase section */
		C9FE4FB9306765F1009C2909 /* Frameworks */ = {
			isa = PBXFrameworksBuildPhase;
			files = (
			);
		};
		C9FE4FC6306765F4009C2909 /* Frameworks */ = {
			isa = PBXFrameworksBuildPhase;
			files = (
			);
		};
		C9FE4FD0306765F4009C2909 /* Frameworks */ = {
			isa = PBXFrameworksBuildPhase;
			files = (
			);
		};
/* End PBXFrameworksBuildPhase section */

/* Begin PBXGroup section */
		C9FE4FB3306765F1009C2909 = {
			isa = PBXGroup;
			children = (
				C9FE4FBE306765F1009C2909 /* Moonvies */,
				C9FE4FCC306765F4009C2909 /* MoonviesTests */,
				C9FE4FD6306765F4009C2909 /* MoonviesUITests */,
				C9FE4FBD306765F1009C2909 /* Products */,
			);
			sourceTree = "<group>";
		};
		C9FE4FBD306765F1009C2909 /* Products */ = {
			isa = PBXGroup;
			children = (
				C9FE4FBC306765F1009C2909 /* Moonvies.app */,
				C9FE4FC9306765F4009C2909 /* MoonviesTests.xctest */,
				C9FE4FD3306765F4009C2909 /* MoonviesUITests.xctest */,
			);
			name = Products;
			sourceTree = "<group>";
		};
/* End PBXGroup section */

/* Begin PBXNativeTarget section */
		C9FE4FBB306765F1009C2909 /* Moonvies */ = {
			isa = PBXNativeTarget;
			buildConfigurationList = C9FE4FDB306765F4009C2909 /* Build configuration list for PBXNativeTarget "Moonvies" */;
			buildPhases = (
				C9FE4FB8306765F1009C2909 /* Sources */,
				C9FE4FB9306765F1009C2909 /* Frameworks */,
				C9FE4FBA306765F1009C2909 /* Resources */,
			);
			buildRules = (
			);
			fileSystemSynchronizedGroups = (
				C9FE4FBE306765F1009C2909 /* Moonvies */,
			);
			name = Moonvies;
			productName = Moonvies;
			productReference = C9FE4FBC306765F1009C2909 /* Moonvies.app */;
			productType = "com.apple.product-type.application";
		};
		C9FE4FC8306765F4009C2909 /* MoonviesTests */ = {
			isa = PBXNativeTarget;
			buildConfigurationList = C9FE4FDE306765F4009C2909 /* Build configuration list for PBXNativeTarget "MoonviesTests" */;
			buildPhases = (
				C9FE4FC5306765F4009C2909 /* Sources */,
				C9FE4FC6306765F4009C2909 /* Frameworks */,
				C9FE4FC7306765F4009C2909 /* Resources */,
			);
			buildRules = (
			);
			dependencies = (
				C9FE4FCB306765F4009C2909 /* PBXTargetDependency */,
			);
			fileSystemSynchronizedGroups = (
				C9FE4FCC306765F4009C2909 /* MoonviesTests */,
			);
			name = MoonviesTests;
			productName = MoonviesTests;
			productReference = C9FE4FC9306765F4009C2909 /* MoonviesTests.xctest */;
			productType = "com.apple.product-type.bundle.unit-test";
		};
		C9FE4FD2306765F4009C2909 /* MoonviesUITests */ = {
			isa = PBXNativeTarget;
			buildConfigurationList = C9FE4FE1306765F4009C2909 /* Build configuration list for PBXNativeTarget "MoonviesUITests" */;
			buildPhases = (
				C9FE4FCF306765F4009C2909 /* Sources */,
				C9FE4FD0306765F4009C2909 /* Frameworks */,
				C9FE4FD1306765F4009C2909 /* Resources */,
			);
			buildRules = (
			);
			dependencies = (
				C9FE4FD5306765F4009C2909 /* PBXTargetDependency */,
			);
			fileSystemSynchronizedGroups = (
				C9FE4FD6306765F4009C2909 /* MoonviesUITests */,
			);
			name = MoonviesUITests;
			productName = MoonviesUITests;
			productReference = C9FE4FD3306765F4009C2909 /* MoonviesUITests.xctest */;
			productType = "com.apple.product-type.bundle.ui-testing";
		};
/* End PBXNativeTarget section */

/* Begin PBXProject section */
		C9FE4FB4306765F1009C2909 /* Project object */ = {
			isa = PBXProject;
			attributes = {
				BuildIndependentTargetsInParallel = 1;
				LastSwiftUpdateCheck = 2700;
				LastUpgradeCheck = 2700;
				TargetAttributes = {
					C9FE4FBB306765F1009C2909 = {
						CreatedOnToolsVersion = 27.0;
					};
					C9FE4FC8306765F4009C2909 = {
						CreatedOnToolsVersion = 27.0;
						TestTargetID = C9FE4FBB306765F1009C2909;
					};
					C9FE4FD2306765F4009C2909 = {
						CreatedOnToolsVersion = 27.0;
						TestTargetID = C9FE4FBB306765F1009C2909;
					};
				};
			};
			buildConfigurationList = C9FE4FB7306765F1009C2909 /* Build configuration list for PBXProject "Moonvies" */;
			developmentRegion = en;
			hasScannedForEncodings = 0;
			knownRegions = (
				en,
				Base,
			);
			mainGroup = C9FE4FB3306765F1009C2909;
			minimizedProjectReferenceProxies = 1;
			preferredProjectObjectVersion = 77;
			productRefGroup = C9FE4FBD306765F1009C2909 /* Products */;
			projectDirPath = "";
			projectRoot = "";
			targets = (
				C9FE4FBB306765F1009C2909 /* Moonvies */,
				C9FE4FC8306765F4009C2909 /* MoonviesTests */,
				C9FE4FD2306765F4009C2909 /* MoonviesUITests */,
			);
		};
/* End PBXProject section */

/* Begin PBXResourcesBuildPhase section */
		C9FE4FBA306765F1009C2909 /* Resources */ = {
			isa = PBXResourcesBuildPhase;
			files = (
			);
		};
		C9FE4FC7306765F4009C2909 /* Resources */ = {
			isa = PBXResourcesBuildPhase;
			files = (
			);
		};
		C9FE4FD1306765F4009C2909 /* Resources */ = {
			isa = PBXResourcesBuildPhase;
			files = (
			);
		};
/* End PBXResourcesBuildPhase section */

/* Begin PBXSourcesBuildPhase section */
		C9FE4FB8306765F1009C2909 /* Sources */ = {
			isa = PBXSourcesBuildPhase;
			files = (
			);
		};
		C9FE4FC5306765F4009C2909 /* Sources */ = {
			isa = PBXSourcesBuildPhase;
			files = (
			);
		};
		C9FE4FCF306765F4009C2909 /* Sources */ = {
			isa = PBXSourcesBuildPhase;
			files = (
			);
		};
/* End PBXSourcesBuildPhase section */

/* Begin PBXTargetDependency section */
		C9FE4FCB306765F4009C2909 /* PBXTargetDependency */ = {
			isa = PBXTargetDependency;
			target = C9FE4FBB306765F1009C2909 /* Moonvies */;
			targetProxy = C9FE4FCA306765F4009C2909 /* PBXContainerItemProxy */;
		};
		C9FE4FD5306765F4009C2909 /* PBXTargetDependency */ = {
			isa = PBXTargetDependency;
			target = C9FE4FBB306765F1009C2909 /* Moonvies */;
			targetProxy = C9FE4FD4306765F4009C2909 /* PBXContainerItemProxy */;
		};
/* End PBXTargetDependency section */

/* Begin XCBuildConfiguration section */
		C9FE4FD9306765F4009C2909 /* Debug configuration for PBXProject "Moonvies" */ = {
			isa = XCBuildConfiguration;
			buildSettings = {
				ALWAYS_SEARCH_USER_PATHS = NO;
				ASSETCATALOG_COMPILER_GENERATE_SWIFT_ASSET_SYMBOL_EXTENSIONS = YES;
				CLANG_ANALYZER_NONNULL = YES;
				CLANG_ANALYZER_NUMBER_OBJECT_CONVERSION = YES_AGGRESSIVE;
				CLANG_CXX_LANGUAGE_STANDARD = "gnu++20";
				CLANG_ENABLE_MODULES = YES;
				CLANG_ENABLE_OBJC_ARC = YES;
				CLANG_ENABLE_OBJC_WEAK = YES;
				CLANG_WARN_BLOCK_CAPTURE_AUTORELEASING = YES;
				CLANG_WARN_BOOL_CONVERSION = YES;
				CLANG_WARN_COMMA = YES;
				CLANG_WARN_CONSTANT_CONVERSION = YES;
				CLANG_WARN_DEPRECATED_OBJC_IMPLEMENTATIONS = YES;
				CLANG_WARN_DIRECT_OBJC_ISA_USAGE = YES_ERROR;
				CLANG_WARN_DOCUMENTATION_COMMENTS = YES;
				CLANG_WARN_EMPTY_BODY = YES;
				CLANG_WARN_ENUM_CONVERSION = YES;
				CLANG_WARN_INFINITE_RECURSION = YES;
				CLANG_WARN_INT_CONVERSION = YES;
				CLANG_WARN_NON_LITERAL_NULL_CONVERSION = YES;
				CLANG_WARN_OBJC_IMPLICIT_RETAIN_SELF = YES;
				CLANG_WARN_OBJC_LITERAL_CONVERSION = YES;
				CLANG_WARN_OBJC_ROOT_CLASS = YES_ERROR;
				CLANG_WARN_QUOTED_INCLUDE_IN_FRAMEWORK_HEADER = YES;
				CLANG_WARN_RANGE_LOOP_ANALYSIS = YES;
				CLANG_WARN_STRICT_PROTOTYPES = YES;
				CLANG_WARN_SUSPICIOUS_MOVE = YES;
				CLANG_WARN_UNGUARDED_AVAILABILITY = YES_AGGRESSIVE;
				CLANG_WARN_UNREACHABLE_CODE = YES;
				CLANG_WARN__DUPLICATE_METHOD_MATCH = YES;
				COPY_PHASE_STRIP = NO;
				DEBUG_INFORMATION_FORMAT = dwarf;
				ENABLE_STRICT_OBJC_MSGSEND = YES;
				ENABLE_TESTABILITY = YES;
				ENABLE_USER_SCRIPT_SANDBOXING = YES;
				GCC_C_LANGUAGE_STANDARD = gnu17;
				GCC_DYNAMIC_NO_PIC = NO;
				GCC_NO_COMMON_BLOCKS = YES;
				GCC_OPTIMIZATION_LEVEL = 0;
				GCC_PREPROCESSOR_DEFINITIONS = (
					"DEBUG=1",
					"$(inherited)",
				);
				GCC_WARN_64_TO_32_BIT_CONVERSION = YES;
				GCC_WARN_ABOUT_RETURN_TYPE = YES_ERROR;
				GCC_WARN_UNDECLARED_SELECTOR = YES;
				GCC_WARN_UNINITIALIZED_AUTOS = YES_AGGRESSIVE;
				GCC_WARN_UNUSED_FUNCTION = YES;
				GCC_WARN_UNUSED_VARIABLE = YES;
				IPHONEOS_DEPLOYMENT_TARGET = 27.0;
				LOCALIZATION_PREFERS_STRING_CATALOGS = YES;
				MTL_ENABLE_DEBUG_INFO = INCLUDE_SOURCE;
				MTL_FAST_MATH = YES;
				ONLY_ACTIVE_ARCH = YES;
				SDKROOT = iphoneos;
				SWIFT_ACTIVE_COMPILATION_CONDITIONS = "DEBUG $(inherited)";
				SWIFT_OPTIMIZATION_LEVEL = "-Onone";
			};
			name = Debug;
		};
		C9FE4FDA306765F4009C2909 /* Release configuration for PBXProject "Moonvies" */ = {
			isa = XCBuildConfiguration;
			buildSettings = {
				ALWAYS_SEARCH_USER_PATHS = NO;
				ASSETCATALOG_COMPILER_GENERATE_SWIFT_ASSET_SYMBOL_EXTENSIONS = YES;
				CLANG_ANALYZER_NONNULL = YES;
				CLANG_ANALYZER_NUMBER_OBJECT_CONVERSION = YES_AGGRESSIVE;
				CLANG_CXX_LANGUAGE_STANDARD = "gnu++20";
				CLANG_ENABLE_MODULES = YES;
				CLANG_ENABLE_OBJC_ARC = YES;
				CLANG_ENABLE_OBJC_WEAK = YES;
				CLANG_WARN_BLOCK_CAPTURE_AUTORELEASING = YES;
				CLANG_WARN_BOOL_CONVERSION = YES;
				CLANG_WARN_COMMA = YES;
				CLANG_WARN_CONSTANT_CONVERSION = YES;
				CLANG_WARN_DEPRECATED_OBJC_IMPLEMENTATIONS = YES;
				CLANG_WARN_DIRECT_OBJC_ISA_USAGE = YES_ERROR;
				CLANG_WARN_DOCUMENTATION_COMMENTS = YES;
				CLANG_WARN_EMPTY_BODY = YES;
				CLANG_WARN_ENUM_CONVERSION = YES;
				CLANG_WARN_INFINITE_RECURSION = YES;
				CLANG_WARN_INT_CONVERSION = YES;
				CLANG_WARN_NON_LITERAL_NULL_CONVERSION = YES;
				CLANG_WARN_OBJC_IMPLICIT_RETAIN_SELF = YES;
				CLANG_WARN_OBJC_LITERAL_CONVERSION = YES;
				CLANG_WARN_OBJC_ROOT_CLASS = YES_ERROR;
				CLANG_WARN_QUOTED_INCLUDE_IN_FRAMEWORK_HEADER = YES;
				CLANG_WARN_RANGE_LOOP_ANALYSIS = YES;
				CLANG_WARN_STRICT_PROTOTYPES = YES;
				CLANG_WARN_SUSPICIOUS_MOVE = YES;
				CLANG_WARN_UNGUARDED_AVAILABILITY = YES_AGGRESSIVE;
				CLANG_WARN_UNREACHABLE_CODE = YES;
				CLANG_WARN__DUPLICATE_METHOD_MATCH = YES;
				COPY_PHASE_STRIP = NO;
				DEBUG_INFORMATION_FORMAT = "dwarf-with-dsym";
				ENABLE_NS_ASSERTIONS = NO;
				ENABLE_STRICT_OBJC_MSGSEND = YES;
				ENABLE_USER_SCRIPT_SANDBOXING = YES;
				GCC_C_LANGUAGE_STANDARD = gnu17;
				GCC_NO_COMMON_BLOCKS = YES;
				GCC_WARN_64_TO_32_BIT_CONVERSION = YES;
				GCC_WARN_ABOUT_RETURN_TYPE = YES_ERROR;
				GCC_WARN_UNDECLARED_SELECTOR = YES;
				GCC_WARN_UNINITIALIZED_AUTOS = YES_AGGRESSIVE;
				GCC_WARN_UNUSED_FUNCTION = YES;
				GCC_WARN_UNUSED_VARIABLE = YES;
				IPHONEOS_DEPLOYMENT_TARGET = 27.0;
				LOCALIZATION_PREFERS_STRING_CATALOGS = YES;
				MTL_ENABLE_DEBUG_INFO = NO;
				MTL_FAST_MATH = YES;
				SDKROOT = iphoneos;
				SWIFT_COMPILATION_MODE = wholemodule;
				VALIDATE_PRODUCT = YES;
			};
			name = Release;
		};
		C9FE4FDC306765F4009C2909 /* Debug configuration for PBXNativeTarget "Moonvies" */ = {
			isa = XCBuildConfiguration;
			buildSettings = {
				ASSETCATALOG_COMPILER_APPICON_NAME = AppIcon;
				ASSETCATALOG_COMPILER_GLOBAL_ACCENT_COLOR_NAME = AccentColor;
				CODE_SIGN_STYLE = Automatic;
				CURRENT_PROJECT_VERSION = 1;
				ENABLE_PREVIEWS = YES;
				GENERATE_INFOPLIST_FILE = YES;
				INFOPLIST_KEY_UIApplicationSceneManifest_Generation = YES;
				INFOPLIST_KEY_UIApplicationSupportsIndirectInputEvents = YES;
				INFOPLIST_KEY_UILaunchScreen_Generation = YES;
				INFOPLIST_KEY_UISupportedInterfaceOrientations_iPad = "UIInterfaceOrientationPortrait UIInterfaceOrientationPortraitUpsideDown UIInterfaceOrientationLandscapeLeft UIInterfaceOrientationLandscapeRight";
				INFOPLIST_KEY_UISupportedInterfaceOrientations_iPhone = "UIInterfaceOrientationPortrait UIInterfaceOrientationLandscapeLeft UIInterfaceOrientationLandscapeRight";
				LD_RUNPATH_SEARCH_PATHS = (
					"$(inherited)",
					"@executable_path/Frameworks",
				);
				MARKETING_VERSION = 1.0;
				PRODUCT_BUNDLE_IDENTIFIER = FCA.Moonvies;
				PRODUCT_NAME = "$(TARGET_NAME)";
				STRING_CATALOG_GENERATE_SYMBOLS = YES;
				SWIFT_APPROACHABLE_CONCURRENCY = YES;
				SWIFT_DEFAULT_ACTOR_ISOLATION = MainActor;
				SWIFT_EMIT_LOC_STRINGS = YES;
				SWIFT_UPCOMING_FEATURE_MEMBER_IMPORT_VISIBILITY = YES;
				SWIFT_VERSION = 5.0;
				TARGETED_DEVICE_FAMILY = "1,2";
			};
			name = Debug;
		};
		C9FE4FDD306765F4009C2909 /* Release configuration for PBXNativeTarget "Moonvies" */ = {
			isa = XCBuildConfiguration;
			buildSettings = {
				ASSETCATALOG_COMPILER_APPICON_NAME = AppIcon;
				ASSETCATALOG_COMPILER_GLOBAL_ACCENT_COLOR_NAME = AccentColor;
				CODE_SIGN_STYLE = Automatic;
				CURRENT_PROJECT_VERSION = 1;
				ENABLE_PREVIEWS = YES;
				GENERATE_INFOPLIST_FILE = YES;
				INFOPLIST_KEY_UIApplicationSceneManifest_Generation = YES;
				INFOPLIST_KEY_UIApplicationSupportsIndirectInputEvents = YES;
				INFOPLIST_KEY_UILaunchScreen_Generation = YES;
				INFOPLIST_KEY_UISupportedInterfaceOrientations_iPad = "UIInterfaceOrientationPortrait UIInterfaceOrientationPortraitUpsideDown UIInterfaceOrientationLandscapeLeft UIInterfaceOrientationLandscapeRight";
				INFOPLIST_KEY_UISupportedInterfaceOrientations_iPhone = "UIInterfaceOrientationPortrait UIInterfaceOrientationLandscapeLeft UIInterfaceOrientationLandscapeRight";
				LD_RUNPATH_SEARCH_PATHS = (
					"$(inherited)",
					"@executable_path/Frameworks",
				);
				MARKETING_VERSION = 1.0;
				PRODUCT_BUNDLE_IDENTIFIER = FCA.Moonvies;
				PRODUCT_NAME = "$(TARGET_NAME)";
				STRING_CATALOG_GENERATE_SYMBOLS = YES;
				SWIFT_APPROACHABLE_CONCURRENCY = YES;
				SWIFT_DEFAULT_ACTOR_ISOLATION = MainActor;
				SWIFT_EMIT_LOC_STRINGS = YES;
				SWIFT_UPCOMING_FEATURE_MEMBER_IMPORT_VISIBILITY = YES;
				SWIFT_VERSION = 5.0;
				TARGETED_DEVICE_FAMILY = "1,2";
			};
			name = Release;
		};
		C9FE4FDF306765F4009C2909 /* Debug configuration for PBXNativeTarget "MoonviesTests" */ = {
			isa = XCBuildConfiguration;
			buildSettings = {
				BUNDLE_LOADER = "$(TEST_HOST)";
				CODE_SIGN_STYLE = Automatic;
				CURRENT_PROJECT_VERSION = 1;
				GENERATE_INFOPLIST_FILE = YES;
				IPHONEOS_DEPLOYMENT_TARGET = 27.0;
				MARKETING_VERSION = 1.0;
				PRODUCT_BUNDLE_IDENTIFIER = FCA.MoonviesTests;
				PRODUCT_NAME = "$(TARGET_NAME)";
				STRING_CATALOG_GENERATE_SYMBOLS = NO;
				SWIFT_APPROACHABLE_CONCURRENCY = YES;
				SWIFT_EMIT_LOC_STRINGS = NO;
				SWIFT_UPCOMING_FEATURE_MEMBER_IMPORT_VISIBILITY = YES;
				SWIFT_VERSION = 5.0;
				TARGETED_DEVICE_FAMILY = "1,2";
				TEST_HOST = "$(BUILT_PRODUCTS_DIR)/Moonvies.app/$(BUNDLE_EXECUTABLE_FOLDER_PATH)/Moonvies";
			};
			name = Debug;
		};
		C9FE4FE0306765F4009C2909 /* Release configuration for PBXNativeTarget "MoonviesTests" */ = {
			isa = XCBuildConfiguration;
			buildSettings = {
				BUNDLE_LOADER = "$(TEST_HOST)";
				CODE_SIGN_STYLE = Automatic;
				CURRENT_PROJECT_VERSION = 1;
				GENERATE_INFOPLIST_FILE = YES;
				IPHONEOS_DEPLOYMENT_TARGET = 27.0;
				MARKETING_VERSION = 1.0;
				PRODUCT_BUNDLE_IDENTIFIER = FCA.MoonviesTests;
				PRODUCT_NAME = "$(TARGET_NAME)";
				STRING_CATALOG_GENERATE_SYMBOLS = NO;
				SWIFT_APPROACHABLE_CONCURRENCY = YES;
				SWIFT_EMIT_LOC_STRINGS = NO;
				SWIFT_UPCOMING_FEATURE_MEMBER_IMPORT_VISIBILITY = YES;
				SWIFT_VERSION = 5.0;
				TARGETED_DEVICE_FAMILY = "1,2";
				TEST_HOST = "$(BUILT_PRODUCTS_DIR)/Moonvies.app/$(BUNDLE_EXECUTABLE_FOLDER_PATH)/Moonvies";
			};
			name = Release;
		};
		C9FE4FE2306765F4009C2909 /* Debug configuration for PBXNativeTarget "MoonviesUITests" */ = {
			isa = XCBuildConfiguration;
			buildSettings = {
				CODE_SIGN_STYLE = Automatic;
				CURRENT_PROJECT_VERSION = 1;
				GENERATE_INFOPLIST_FILE = YES;
				MARKETING_VERSION = 1.0;
				PRODUCT_BUNDLE_IDENTIFIER = FCA.MoonviesUITests;
				PRODUCT_NAME = "$(TARGET_NAME)";
				STRING_CATALOG_GENERATE_SYMBOLS = NO;
				SWIFT_APPROACHABLE_CONCURRENCY = YES;
				SWIFT_EMIT_LOC_STRINGS = NO;
				SWIFT_UPCOMING_FEATURE_MEMBER_IMPORT_VISIBILITY = YES;
				SWIFT_VERSION = 5.0;
				TARGETED_DEVICE_FAMILY = "1,2";
				TEST_TARGET_NAME = Moonvies;
			};
			name = Debug;
		};
		C9FE4FE3306765F4009C2909 /* Release configuration for PBXNativeTarget "MoonviesUITests" */ = {
			isa = XCBuildConfiguration;
			buildSettings = {
				CODE_SIGN_STYLE = Automatic;
				CURRENT_PROJECT_VERSION = 1;
				GENERATE_INFOPLIST_FILE = YES;
				MARKETING_VERSION = 1.0;
				PRODUCT_BUNDLE_IDENTIFIER = FCA.MoonviesUITests;
				PRODUCT_NAME = "$(TARGET_NAME)";
				STRING_CATALOG_GENERATE_SYMBOLS = NO;
				SWIFT_APPROACHABLE_CONCURRENCY = YES;
				SWIFT_EMIT_LOC_STRINGS = NO;
				SWIFT_UPCOMING_FEATURE_MEMBER_IMPORT_VISIBILITY = YES;
				SWIFT_VERSION = 5.0;
				TARGETED_DEVICE_FAMILY = "1,2";
				TEST_TARGET_NAME = Moonvies;
			};
			name = Release;
		};
/* End XCBuildConfiguration section */

/* Begin XCConfigurationList section */
		C9FE4FB7306765F1009C2909 /* Build configuration list for PBXProject "Moonvies" */ = {
			isa = XCConfigurationList;
			buildConfigurations = (
				C9FE4FD9306765F4009C2909 /* Debug configuration for PBXProject "Moonvies" */,
				C9FE4FDA306765F4009C2909 /* Release configuration for PBXProject "Moonvies" */,
			);
			defaultConfigurationName = Release;
		};
		C9FE4FDB306765F4009C2909 /* Build configuration list for PBXNativeTarget "Moonvies" */ = {
			isa = XCConfigurationList;
			buildConfigurations = (
				C9FE4FDC306765F4009C2909 /* Debug configuration for PBXNativeTarget "Moonvies" */,
				C9FE4FDD306765F4009C2909 /* Release configuration for PBXNativeTarget "Moonvies" */,
			);
			defaultConfigurationName = Release;
		};
		C9FE4FDE306765F4009C2909 /* Build configuration list for PBXNativeTarget "MoonviesTests" */ = {
			isa = XCConfigurationList;
			buildConfigurations = (
				C9FE4FDF306765F4009C2909 /* Debug configuration for PBXNativeTarget "MoonviesTests" */,
				C9FE4FE0306765F4009C2909 /* Release configuration for PBXNativeTarget "MoonviesTests" */,
			);
			defaultConfigurationName = Release;
		};
		C9FE4FE1306765F4009C2909 /* Build configuration list for PBXNativeTarget "MoonviesUITests" */ = {
			isa = XCConfigurationList;
			buildConfigurations = (
				C9FE4FE2306765F4009C2909 /* Debug configuration for PBXNativeTarget "MoonviesUITests" */,
				C9FE4FE3306765F4009C2909 /* Release configuration for PBXNativeTarget "MoonviesUITests" */,
			);
			defaultConfigurationName = Release;
		};
/* End XCConfigurationList section */
	};
	rootObject = C9FE4FB4306765F1009C2909 /* Project object */;
	validationLevel = 1;
}
